// !$*UTF8*$!
{
	archiveVersion = 1;
	classes = {
	};
	objectVersion = 50;
	objects = {

/* Begin PBXBuildFile section */
		A7001C3E264301D500A17624 /* PassCodeExampleApp.swift in Sources */ = {isa = PBXBuildFile; fileRef = A7001C3D264301D500A17624 /* PassCodeExampleApp.swift */; };
		A7001C40264301D500A17624 /* ContentView.swift in Sources */ = {isa = PBXBuildFile; fileRef = A7001C3F264301D500A17624 /* ContentView.swift */; };
		A7001C42264301D700A17624 /* Assets.xcassets in Resources */ = {isa = PBXBuildFile; fileRef = A7001C41264301D700A17624 /* Assets.xcassets */; };
		A7001C45264301D700A17624 /* Preview Assets.xcassets in Resources */ = {isa = PBXBuildFile; fileRef = A7001C44264301D700A17624 /* Preview Assets.xcassets */; };
		A7001C50264301D700A17624 /* PassCodeExampleTests.swift in Sources */ = {isa = PBXBuildFile; fileRef = A7001C4F264301D700A17624 /* PassCodeExampleTests.swift */; };
		A7001C5B264301D700A17624 /* PassCodeExampleUITests.swift in Sources */ = {isa = PBXBuildFile; fileRef = A7001C5A264301D700A17624 /* PassCodeExampleUITests.swift */; };
/* End PBXBuildFile section */

/* Begin PBXContainerItemProxy section */
		A7001C4C264301D700A17624 /* PBXContainerItemProxy */ = {
			isa = PBXContainerItemProxy;
			containerPortal = A7001C32264301D400A17624 /* Project object */;
			proxyType = 1;
			remoteGlobalIDString = A7001C39264301D400A17624;
			remoteInfo = PassCodeExample;
		};
		A7001C57264301D700A17624 /* PBXContainerItemProxy */ = {
			isa = PBXContainerItemProxy;
			containerPortal = A7001C32264301D400A17624 /* Project object */;
			proxyType = 1;
			remoteGlobalIDString = A7001C39264301D400A17624;
			remoteInfo = PassCodeExample;
		};
/* End PBXContainerItemProxy section */

/* Begin PBXFileReference section */
		A7001C3A264301D400A17624 /* PassCodeExample.app */ = {isa = PBXFileReference; explicitFileType = wrapper.application; includeInIndex = 0; path = PassCodeExample.app; sourceTree = BUILT_PRODUCTS_DIR; };
		A7001C3D264301D500A17624 /* PassCodeExampleApp.swift */ = {isa = PBXFileReference; lastKnownFileType = sourcecode.swift; path = PassCodeExampleApp.swift; sourceTree = "<group>"; };
		A7001C3F264301D500A17624 /* ContentView.swift */ = {isa = PBXFileReference; lastKnownFileType = sourcecode.swift; path = ContentView.swift; sourceTree = "<group>"; };
		A7001C41264301D700A17624 /* Assets.xcassets */ = {isa = PBXFileReference; lastKnownFileType = folder.assetcatalog; path = Assets.xcassets; sourceTree = "<group>"; };
		A7001C44264301D700A17624 /* Preview Assets.xcassets */ = {isa = PBXFileReference; lastKnownFileType = folder.assetcatalog; path = "Preview Assets.xcassets"; sourceTree = "<group>"; };
		A7001C46264301D700A17624 /* Info.plist */ = {isa = PBXFileReference; lastKnownFileType = text.plist.xml; path = Info.plist; sourceTree = "<group>"; };
		A7001C4B264301D700A17624 /* PassCodeExampleTests.xctest */ = {isa = PBXFileReference; explicitFileType = wrapper.cfbundle; includeInIndex = 0; path = PassCodeExampleTests.xctest; sourceTree = BUILT_PRODUCTS_DIR; };
		A7001C4F264301D700A17624 /* PassCodeExampleTests.swift */ = {isa = PBXFileReference; lastKnownFileType = sourcecode.swift; path = PassCodeExampleTests.swift; sourceTree = "<group>"; };
		A7001C51264301D700A17624 /* Info.plist */ = {isa = PBXFileReference; lastKnownFileType = text.plist.xml; path = Info.plist; sourceTree = "<group>"; };
		A7001C56264301D700A17624 /* PassCodeExampleUITests.xctest */ = {isa = PBXFileReference; explicitFileType = wrapper.cfbundle; includeInIndex = 0; path = PassCodeExampleUITests.xctest; sourceTree = BUILT_PRODUCTS_DIR; };
		A7001C5A264301D700A17624 /* PassCodeExampleUITests.swift */ = {isa = PBXFileReference; lastKnownFileType = sourcecode.swift; path = PassCodeExampleUITests.swift; sourceTree = "<group>"; };
		A7001C5C264301D700A17624 /* Info.plist */ = {isa = PBXFileReference; lastKnownFileType = text.plist.xml; path = Info.plist; sourceTree = "<group>"; };
/* End PBXFileReference section */

/* Begin PBXFrameworksBuildPhase section */
		A7001C37264301D400A17624 /* Frameworks */ = {
			isa = PBXFrameworksBuildPhase;
			buildActionMask = 2147483647;
			files = (
			);
			runOnlyForDeploymentPostprocessing = 0;
		};
		A7001C48264301D700A17624 /* Frameworks */ = {
			isa = PBXFrameworksBuildPhase;
			buildActionMask = 2147483647;
			files = (
			);
			runOnlyForDeploymentPostprocessing = 0;
		};
		A7001C53264301D700A17624 /* Frameworks */ = {
			isa = PBXFrameworksBuildPhase;
			buildActionMask = 2147483647;
			files = (
			);
			runOnlyForDeploymentPostprocessing = 0;
		};
/* End PBXFrameworksBuildPhase section */

/* Begin PBXGroup section */
		A7001C31264301D400A17624 = {
			isa = PBXGroup;
			children = (
				A7001C3C264301D500A17624 /* PassCodeExample */,
				A7001C4E264301D700A17624 /* PassCodeExampleTests */,
				A7001C59264301D700A17624 /* PassCodeExampleUITests */,
				A7001C3B264301D400A17624 /* Products */,
			);
			sourceTree = "<group>";
		};
		A7001C3B264301D400A17624 /* Products */ = {
			isa = PBXGroup;
			children = (
				A7001C3A264301D400A17624 /* PassCodeExample.app */,
				A7001C4B264301D700A17624 /* PassCodeExampleTests.xctest */,
				A7001C56264301D700A17624 /* PassCodeExampleUITests.xctest */,
			);
			name = Products;
			sourceTree = "<group>";
		};
		A7001C3C264301D500A17624 /* PassCodeExample */ = {
			isa = PBXGroup;
			children = (
				A7001C3D264301D500A17624 /* PassCodeExampleApp.swift */,
				A7001C3F264301D500A17624 /* ContentView.swift */,
				A7001C41264301D700A17624 /* Assets.xcassets */,
				A7001C46264301D700A17624 /* Info.plist */,
				A7001C43264301D700A17624 /* Preview Content */,
			);
			path = PassCodeExample;
			sourceTree = "<group>";
		};
		A7001C43264301D700A17624 /* Preview Content */ = {
			isa = PBXGroup;
			children = (
				A7001C44264301D700A17624 /* Preview Assets.xcassets */,
			);
			path = "Preview Content";
			sourceTree = "<group>";
		};
		A7001C4E264301D700A17624 /* PassCodeExampleTests */ = {
			isa = PBXGroup;
			children = (
				A7001C4F264301D700A17624 /* PassCodeExampleTests.swift */,
				A7001C51264301D700A17624 /* Info.plist */,
			);
			path = PassCodeExampleTests;
			sourceTree = "<group>";
		};
		A7001C59264301D700A17624 /* PassCodeExampleUITests */ = {
			isa = PBXGroup;
			children = (
				A7001C5A264301D700A17624 /* PassCodeExampleUITests.swift */,
				A7001C5C264301D700A17624 /* Info.plist */,
			);
			path = PassCodeExampleUITests;
			sourceTree = "<group>";
		};
/* End PBXGroup section */

/* Begin PBXNativeTarget section */
		A7001C39264301D400A17624 /* PassCodeExample */ = {
			isa = PBXNativeTarget;
			buildConfigurationList = A7001C5F264301D700A17624 /* Build configuration list for PBXNativeTarget "PassCodeExample" */;
			buildPhases = (
				A7001C36264301D400A17624 /* Sources */,
				A7001C37264301D400A17624 /* Frameworks */,
				A7001C38264301D400A17624 /* Resources */,
			);
			buildRules = (
			);
			dependencies = (
			);
			name = PassCodeExample;
			productName = PassCodeExample;
			productReference = A7001C3A264301D400A17624 /* PassCodeExample.app */;
			productType = "com.apple.product-type.application";
		};
		A7001C4A264301D700A17624 /* PassCodeExampleTests */ = {
			isa = PBXNativeTarget;
			buildConfigurationList = A7001C62264301D700A17624 /* Build configuration list for PBXNativeTarget "PassCodeExampleTests" */;
			buildPhases = (
				A7001C47264301D700A17624 /* Sources */,
				A7001C48264301D700A17624 /* Frameworks */,
				A7001C49264301D700A17624 /* Resources */,
			);
			buildRules = (
			);
			dependencies = (
				A7001C4D264301D700A17624 /* PBXTargetDependency */,
			);
			name = PassCodeExampleTests;
			productName = PassCodeExampleTests;
			productReference = A7001C4B264301D700A17624 /* PassCodeExampleTests.xctest */;
			productType = "com.apple.product-type.bundle.unit-test";
		};
		A7001C55264301D700A17624 /* PassCodeExampleUITests */ = {
			isa = PBXNativeTarget;
			buildConfigurationList = A7001C65264301D700A17624 /* Build configuration list for PBXNativeTarget "PassCodeExampleUITests" */;
			buildPhases = (
				A7001C52264301D700A17624 /* Sources */,
				A7001C53264301D700A17624 /* Frameworks */,
				A7001C54264301D700A17624 /* Resources */,
			);
			buildRules = (
			);
			dependencies = (
				A7001C58264301D700A17624 /* PBXTargetDependency */,
			);
			name = PassCodeExampleUITests;
			productName = PassCodeExampleUITests;
			productReference = A7001C56264301D700A17624 /* PassCodeExampleUITests.xctest */;
			productType = "com.apple.product-type.bundle.ui-testing";
		};
/* End PBXNativeTarget section */

/* Begin PBXProject section */
		A7001C32264301D400A17624 /* Project object */ = {
			isa = PBXProject;
			attributes = {
				LastSwiftUpdateCheck = 1230;
				LastUpgradeCheck = 1230;
				TargetAttributes = {
					A7001C39264301D400A17624 = {
						CreatedOnToolsVersion = 12.3;
					};
					A7001C4A264301D700A17624 = {
						CreatedOnToolsVersion = 12.3;
						TestTargetID = A7001C39264301D400A17624;
					};
					A7001C55264301D700A17624 = {
						CreatedOnToolsVersion = 12.3;
						TestTargetID = A7001C39264301D400A17624;
					};
				};
			};
			buildConfigurationList = A7001C35264301D400A17624 /* Build configuration list for PBXProject "PassCodeExample" */;
			compatibilityVersion = "Xcode 9.3";
			developmentRegion = en;
			hasScannedForEncodings = 0;
			knownRegions = (
				en,
				Base,
			);
			mainGroup = A7001C31264301D400A17624;
			productRefGroup = A7001C3B264301D400A17624 /* Products */;
			projectDirPath = "";
			projectRoot = "";
			targets = (
				A7001C39264301D400A17624 /* PassCodeExample */,
				A7001C4A264301D700A17624 /* PassCodeExampleTests */,
				A7001C55264301D700A17624 /* PassCodeExampleUITests */,
			);
		};
/* End PBXProject section */

/* Begin PBXResourcesBuildPhase section */
		A7001C38264301D400A17624 /* Resources */ = {
			isa = PBXResourcesBuildPhase;
			buildActionMask = 2147483647;
			files = (
				A7001C45264301D700A17624 /* Preview Assets.xcassets in Resources */,
				A7001C42264301D700A17624 /* Assets.xcassets in Resources */,
			);
			runOnlyForDeploymentPostprocessing = 0;
		};
		A7001C49264301D700A17624 /* Resources */ = {
			isa = PBXResourcesBuildPhase;
			buildActionMask = 2147483647;
			files = (
			);
			runOnlyForDeploymentPostprocessing = 0;
		};
		A7001C54264301D700A17624 /* Resources */ = {
			isa = PBXResourcesBuildPhase;
			buildActionMask = 2147483647;
			files = (
			);
			runOnlyForDeploymentPostprocessing = 0;
		};
/* End PBXResourcesBuildPhase section */

/* Begin PBXSourcesBuildPhase section */
		A7001C36264301D400A17624 /* Sources */ = {
			isa = PBXSourcesBuildPhase;
			buildActionMask = 2147483647;
			files = (
				A7001C40264301D500A17624 /* ContentView.swift in Sources */,
				A7001C3E264301D500A17624 /* PassCodeExampleApp.swift in Sources */,
			);
			runOnlyForDeploymentPostprocessing = 0;
		};
		A7001C47264301D700A17624 /* Sources */ = {
			isa = PBXSourcesBuildPhase;
			buildActionMask = 2147483647;
			files = (
				A7001C50264301D700A17624 /* PassCodeExampleTests.swift in Sources */,
			);
			runOnlyForDeploymentPostprocessing = 0;
		};
		A7001C52264301D700A17624 /* Sources */ = {
			isa = PBXSourcesBuildPhase;
			buildActionMask = 2147483647;
			files = (
				A7001C5B264301D700A17624 /* PassCodeExampleUITests.swift in Sources */,
			);
			runOnlyForDeploymentPostprocessing = 0;
		};
/* End PBXSourcesBuildPhase section */

/* Begin PBXTargetDependency section */
		A7001C4D264301D700A17624 /* PBXTargetDependency */ = {
			isa = PBXTargetDependency;
			target = A7001C39264301D400A17624 /* PassCodeExample */;
			targetProxy = A7001C4C264301D700A17624 /* PBXContainerItemProxy */;
		};
		A7001C58264301D700A17624 /* PBXTargetDependency */ = {
			isa = PBXTargetDependency;
			target = A7001C39264301D400A17624 /* PassCodeExample */;
			targetProxy = A7001C57264301D700A17624 /* PBXContainerItemProxy */;
		};
/* End PBXTargetDependency section */

/* Begin XCBuildConfiguration section */
		A7001C5D264301D700A17624 /* Debug */ = {
			isa = XCBuildConfiguration;
			buildSettings = {
				ALWAYS_SEARCH_USER_PATHS = NO;
				CLANG_ANALYZER_NONNULL = YES;
				CLANG_ANALYZER_NUMBER_OBJECT_CONVERSION = YES_AGGRESSIVE;
				CLANG_CXX_LANGUAGE_STANDARD = "gnu++14";
				CLANG_CXX_LIBRARY = "libc++";
				CLANG_ENABLE_MODULES = YES;
				CLANG_ENABLE_OBJC_ARC = YES;
				CLANG_ENABLE_OBJC_WEAK = YES;
				CLANG_WARN_BLOCK_CAPTURE_AUTORELEASING = YES;
				CLANG_WARN_BOOL_CONVERSION = YES;
				CLANG_WARN_COMMA = YES;
				CLANG_WARN_CONSTANT_CONVERSION = YES;
				CLANG_WARN_DEPRECATED_OBJC_IMPLEMENTATIONS = YES;
				CLANG_WARN_DIRECT_OBJC_ISA_USAGE = YES_ERROR;
				CLANG_WARN_DOCUMENTATION_COMMENTS = YES;
				CLANG_WARN_EMPTY_BODY = YES;
				CLANG_WARN_ENUM_CONVERSION = YES;
				CLANG_WARN_INFINITE_RECURSION = YES;
				CLANG_WARN_INT_CONVERSION = YES;
				CLANG_WARN_NON_LITERAL_NULL_CONVERSION = YES;
				CLANG_WARN_OBJC_IMPLICIT_RETAIN_SELF = YES;
				CLANG_WARN_OBJC_LITERAL_CONVERSION = YES;
				CLANG_WARN_OBJC_ROOT_CLASS = YES_ERROR;
				CLANG_WARN_QUOTED_INCLUDE_IN_FRAMEWORK_HEADER = YES;
				CLANG_WARN_RANGE_LOOP_ANALYSIS = YES;
				CLANG_WARN_STRICT_PROTOTYPES = YES;
				CLANG_WARN_SUSPICIOUS_MOVE = YES;
				CLANG_WARN_UNGUARDED_AVAILABILITY = YES_AGGRESSIVE;
				CLANG_WARN_UNREACHABLE_CODE = YES;
				CLANG_WARN__DUPLICATE_METHOD_MATCH = YES;
				COPY_PHASE_STRIP = NO;
				DEBUG_INFORMATION_FORMAT = dwarf;
				ENABLE_STRICT_OBJC_MSGSEND = YES;
				ENABLE_TESTABILITY = YES;
				GCC_C_LANGUAGE_STANDARD = gnu11;
				GCC_DYNAMIC_NO_PIC = NO;
				GCC_NO_COMMON_BLOCKS = YES;
				GCC_OPTIMIZATION_LEVEL = 0;
				GCC_PREPROCESSOR_DEFINITIONS = (
					"DEBUG=1",
					"$(inherited)",
				);
				GCC_WARN_64_TO_32_BIT_CONVERSION = YES;
				GCC_WARN_ABOUT_RETURN_TYPE = YES_ERROR;
				GCC_WARN_UNDECLARED_SELECTOR = YES;
				GCC_WARN_UNINITIALIZED_AUTOS = YES_AGGRESSIVE;
				GCC_WARN_UNUSED_FUNCTION = YES;
				GCC_WARN_UNUSED_VARIABLE = YES;
				IPHONEOS_DEPLOYMENT_TARGET = 14.3;
				MTL_ENABLE_DEBUG_INFO = INCLUDE_SOURCE;
				MTL_FAST_MATH = YES;
				ONLY_ACTIVE_ARCH = YES;
				SDKROOT = iphoneos;
				SWIFT_ACTIVE_COMPILATION_CONDITIONS = DEBUG;
				SWIFT_OPTIMIZATION_LEVEL = "-Onone";
			};
			name = Debug;
		};
		A7001C5E264301D700A17624 /* Release */ = {
			isa = XCBuildConfiguration;
			buildSettings = {
				ALWAYS_SEARCH_USER_PATHS = NO;
				CLANG_ANALYZER_NONNULL = YES;
				CLANG_ANALYZER_NUMBER_OBJECT_CONVERSION = YES_AGGRESSIVE;
				CLANG_CXX_LANGUAGE_STANDARD = "gnu++14";
				CLANG_CXX_LIBRARY = "libc++";
				CLANG_ENABLE_MODULES = YES;
				CLANG_ENABLE_OBJC_ARC = YES;
				CLANG_ENABLE_OBJC_WEAK = YES;
				CLANG_WARN_BLOCK_CAPTURE_AUTORELEASING = YES;
				CLANG_WARN_BOOL_CONVERSION = YES;
				CLANG_WARN_COMMA = YES;
				CLANG_WARN_CONSTANT_CONVERSION = YES;
				CLANG_WARN_DEPRECATED_OBJC_IMPLEMENTATIONS = YES;
				CLANG_WARN_DIRECT_OBJC_ISA_USAGE = YES_ERROR;
				CLANG_WARN_DOCUMENTATION_COMMENTS = YES;
				CLANG_WARN_EMPTY_BODY = YES;
				CLANG_WARN_ENUM_CONVERSION = YES;
				CLANG_WARN_INFINITE_RECURSION = YES;
				CLANG_WARN_INT_CONVERSION = YES;
				CLANG_WARN_NON_LITERAL_NULL_CONVERSION = YES;
				CLANG_WARN_OBJC_IMPLICIT_RETAIN_SELF = YES;
				CLANG_WARN_OBJC_LITERAL_CONVERSION = YES;
				CLANG_WARN_OBJC_ROOT_CLASS = YES_ERROR;
				CLANG_WARN_QUOTED_INCLUDE_IN_FRAMEWORK_HEADER = YES;
				CLANG_WARN_RANGE_LOOP_ANALYSIS = YES;
				CLANG_WARN_STRICT_PROTOTYPES = YES;
				CLANG_WARN_SUSPICIOUS_MOVE = YES;
				CLANG_WARN_UNGUARDED_AVAILABILITY = YES_AGGRESSIVE;
				CLANG_WARN_UNREACHABLE_CODE = YES;
				CLANG_WARN__DUPLICATE_METHOD_MATCH = YES;
				COPY_PHASE_STRIP = NO;
				DEBUG_INFORMATION_FORMAT = "dwarf-with-dsym";
				ENABLE_NS_ASSERTIONS = NO;
				ENABLE_STRICT_OBJC_MSGSEND = YES;
				GCC_C_LANGUAGE_STANDARD = gnu11;
				GCC_NO_COMMON_BLOCKS = YES;
				GCC_WARN_64_TO_32_BIT_CONVERSION = YES;
				GCC_WARN_ABOUT_RETURN_TYPE = YES_ERROR;
				GCC_WARN_UNDECLARED_SELECTOR = YES;
				GCC_WARN_UNINITIALIZED_AUTOS = YES_AGGRESSIVE;
				GCC_WARN_UNUSED_FUNCTION = YES;
				GCC_WARN_UNUSED_VARIABLE = YES;
				IPHONEOS_DEPLOYMENT_TARGET = 14.3;
				MTL_ENABLE_DEBUG_INFO = NO;
				MTL_FAST_MATH = YES;
				SDKROOT = iphoneos;
				SWIFT_COMPILATION_MODE = wholemodule;
				SWIFT_OPTIMIZATION_LEVEL = "-O";
				VALIDATE_PRODUCT = YES;
			};
			name = Release;
		};
		A7001C60264301D700A17624 /* Debug */ = {
			isa = XCBuildConfiguration;
			buildSettings = {
				ASSETCATALOG_COMPILER_APPICON_NAME = AppIcon;
				ASSETCATALOG_COMPILER_GLOBAL_ACCENT_COLOR_NAME = AccentColor;
				CODE_SIGN_STYLE = Automatic;
				DEVELOPMENT_ASSET_PATHS = "\"PassCodeExample/Preview Content\"";
				DEVELOPMENT_TEAM = 9RLGBQ3WN4;
				ENABLE_PREVIEWS = YES;
				INFOPLIST_FILE = PassCodeExample/Info.plist;
				IPHONEOS_DEPLOYMENT_TARGET = 14.0;
				LD_RUNPATH_SEARCH_PATHS = (
					"$(inherited)",
					"@executable_path/Frameworks",
				);
				PRODUCT_BUNDLE_IDENTIFIER = com.app.egudino.swiftui.passscode.PassCodeExample;
				PRODUCT_NAME = "$(TARGET_NAME)";
				SWIFT_VERSION = 5.0;
				TARGETED_DEVICE_FAMILY = "1,2";
			};
			name = Debug;
		};
		A7001C61264301D700A17624 /* Release */ = {
			isa = XCBuildConfiguration;
			buildSettings = {
				ASSETCATALOG_COMPILER_APPICON_NAME = AppIcon;
				ASSETCATALOG_COMPILER_GLOBAL_ACCENT_COLOR_NAME = AccentColor;
				CODE_SIGN_STYLE = Automatic;
				DEVELOPMENT_ASSET_PATHS = "\"PassCodeExample/Preview Content\"";
				DEVELOPMENT_TEAM = 9RLGBQ3WN4;
				ENABLE_PREVIEWS = YES;
				INFOPLIST_FILE = PassCodeExample/Info.plist;
				IPHONEOS_DEPLOYMENT_TARGET = 14.0;
				LD_RUNPATH_SEARCH_PATHS = (
					"$(inherited)",
					"@executable_path/Frameworks",
				);
				PRODUCT_BUNDLE_IDENTIFIER = com.app.egudino.swiftui.passscode.PassCodeExample;
				PRODUCT_NAME = "$(TARGET_NAME)";
				SWIFT_VERSION = 5.0;
				TARGETED_DEVICE_FAMILY = "1,2";
			};
			name = Release;
		};
		A7001C63264301D700A17624 /* Debug */ = {
			isa = XCBuildConfiguration;
			buildSettings = {
				ALWAYS_EMBED_SWIFT_STANDARD_LIBRARIES = YES;
				BUNDLE_LOADER = "$(TEST_HOST)";
				CODE_SIGN_STYLE = Automatic;
				DEVELOPMENT_TEAM = 9RLGBQ3WN4;
				INFOPLIST_FILE = PassCodeExampleTests/Info.plist;
				IPHONEOS_DEPLOYMENT_TARGET = 14.0;
				LD_RUNPATH_SEARCH_PATHS = (
					"$(inherited)",
					"@executable_path/Frameworks",
					"@loader_path/Frameworks",
				);
				PRODUCT_BUNDLE_IDENTIFIER = com.app.egudino.swiftui.passscode.PassCodeExampleTests;
				PRODUCT_NAME = "$(TARGET_NAME)";
				SWIFT_VERSION = 5.0;
				TARGETED_DEVICE_FAMILY = "1,2";
				TEST_HOST = "$(BUILT_PRODUCTS_DIR)/PassCodeExample.app/PassCodeExample";
			};
			name = Debug;
		};
		A7001C64264301D700A17624 /* Release */ = {
			isa = XCBuildConfiguration;
			buildSettings = {
				ALWAYS_EMBED_SWIFT_STANDARD_LIBRARIES = YES;
				BUNDLE_LOADER = "$(TEST_HOST)";
				CODE_SIGN_STYLE = Automatic;
				DEVELOPMENT_TEAM = 9RLGBQ3WN4;
				INFOPLIST_FILE = PassCodeExampleTests/Info.plist;
				IPHONEOS_DEPLOYMENT_TARGET = 14.0;
				LD_RUNPATH_SEARCH_PATHS = (
					"$(inherited)",
					"@executable_path/Frameworks",
					"@loader_path/Frameworks",
				);
				PRODUCT_BUNDLE_IDENTIFIER = com.app.egudino.swiftui.passscode.PassCodeExampleTests;
				PRODUCT_NAME = "$(TARGET_NAME)";
				SWIFT_VERSION = 5.0;
				TARGETED_DEVICE_FAMILY = "1,2";
				TEST_HOST = "$(BUILT_PRODUCTS_DIR)/PassCodeExample.app/PassCodeExample";
			};
			name = Release;
		};
		A7001C66264301D700A17624 /* Debug */ = {
			isa = XCBuildConfiguration;
			buildSettings = {
				ALWAYS_EMBED_SWIFT_STANDARD_LIBRARIES = YES;
				CODE_SIGN_STYLE = Automatic;
				DEVELOPMENT_TEAM = 9RLGBQ3WN4;
				INFOPLIST_FILE = PassCodeExampleUITests/Info.plist;
				LD_RUNPATH_SEARCH_PATHS = (
					"$(inherited)",
					"@executable_path/Frameworks",
					"@loader_path/Frameworks",
				);
				PRODUCT_BUNDLE_IDENTIFIER = com.app.egudino.swiftui.passscode.PassCodeExampleUITests;
				PRODUCT_NAME = "$(TARGET_NAME)";
				SWIFT_VERSION = 5.0;
				TARGETED_DEVICE_FAMILY = "1,2";
				TEST_TARGET_NAME = PassCodeExample;
			};
			name = Debug;
		};
		A7001C67264301D700A17624 /* Release */ = {
			isa = XCBuildConfiguration;
			buildSettings = {
				ALWAYS_EMBED_SWIFT_STANDARD_LIBRARIES = YES;
				CODE_SIGN_STYLE = Automatic;
				DEVELOPMENT_TEAM = 9RLGBQ3WN4;
				INFOPLIST_FILE = PassCodeExampleUITests/Info.plist;
				LD_RUNPATH_SEARCH_PATHS = (
					"$(inherited)",
					"@executable_path/Frameworks",
					"@loader_path/Frameworks",
				);
				PRODUCT_BUNDLE_IDENTIFIER = com.app.egudino.swiftui.passscode.PassCodeExampleUITests;
				PRODUCT_NAME = "$(TARGET_NAME)";
				SWIFT_VERSION = 5.0;
				TARGETED_DEVICE_FAMILY = "1,2";
				TEST_TARGET_NAME = PassCodeExample;
			};
			name = Release;
		};
/* End XCBuildConfiguration section */

/* Begin XCConfigurationList section */
		A7001C35264301D400A17624 /* Build configuration list for PBXProject "PassCodeExample" */ = {
			isa = XCConfigurationList;
			buildConfigurations = (
				A7001C5D264301D700A17624 /* Debug */,
				A7001C5E264301D700A17624 /* Release */,
			);
			defaultConfigurationIsVisible = 0;
			defaultConfigurationName = Release;
		};
		A7001C5F264301D700A17624 /* Build configuration list for PBXNativeTarget "PassCodeExample" */ = {
			isa = XCConfigurationList;
			buildConfigurations = (
				A7001C60264301D700A17624 /* Debug */,
				A7001C61264301D700A17624 /* Release */,
			);
			defaultConfigurationIsVisible = 0;
			defaultConfigurationName = Release;
		};
		A7001C62264301D700A17624 /* Build configuration list for PBXNativeTarget "PassCodeExampleTests" */ = {
			isa = XCConfigurationList;
			buildConfigurations = (
				A7001C63264301D700A17624 /* Debug */,
				A7001C64264301D700A17624 /* Release */,
			);
			defaultConfigurationIsVisible = 0;
			defaultConfigurationName = Release;
		};
		A7001C65264301D700A17624 /* Build configuration list for PBXNativeTarget "PassCodeExampleUITests" */ = {
			isa = XCConfigurationList;
			buildConfigurations = (
				A7001C66264301D700A17624 /* Debug */,
				A7001C67264301D700A17624 /* Release */,
			);
			defaultConfigurationIsVisible = 0;
			defaultConfigurationName = Release;
		};
/* End XCConfigurationList section */
	};
	rootObject = A7001C32264301D400A17624 /* Project object */;
}
